
Microsoft Visual Studio Solution File, Format Version 12.00
# Visual Studio 15
VisualStudioVersion = 15.0.26124.0
MinimumVisualStudioVersion = 15.0.26124.0
Project("{FAE04EC0-301F-11D3-BF4B-00C04F79EFBC}") = "API", "API\API.csproj", "{1E29C62D-D7EA-4DE7-9C5A-68406A6F70C2}"
EndProject
Project("{FAE04EC0-301F-11D3-BF4B-00C04F79EFBC}") = "Core", "Core\Core.csproj", "{63298C9A-3BC0-46D1-9AC6-C980724013F3}"
EndProject
Project("{FAE04EC0-301F-11D3-BF4B-00C04F79EFBC}") = "Infrastructure", "Infrastructure\Infrastructure.csproj", "{2C7D0126-7E5A-4CEB-9618-F669E9096E2E}"
EndProject
Global
	GlobalSection(SolutionConfigurationPlatforms) = preSolution
		Debug|Any CPU = Debug|Any CPU
		Debug|x64 = Debug|x64
		Debug|x86 = Debug|x86
		Release|Any CPU = Release|Any CPU
		Release|x64 = Release|x64
		Release|x86 = Release|x86
	EndGlobalSection
	GlobalSection(SolutionProperties) = preSolution
		HideSolutionNode = FALSE
	EndGlobalSection
	GlobalSection(ProjectConfigurationPlatforms) = postSolution
		{1E29C62D-D7EA-4DE7-9C5A-68406A6F70C2}.Debug|Any CPU.ActiveCfg = Debug|Any CPU
		{1E29C62D-D7EA-4DE7-9C5A-68406A6F70C2}.Debug|Any CPU.Build.0 = Debug|Any CPU
		{1E29C62D-D7EA-4DE7-9C5A-68406A6F70C2}.Debug|x64.ActiveCfg = Debug|Any CPU
		{1E29C62D-D7EA-4DE7-9C5A-68406A6F70C2}.Debug|x64.Build.0 = Debug|Any CPU
		{1E29C62D-D7EA-4DE7-9C5A-68406A6F70C2}.Debug|x86.ActiveCfg = Debug|Any CPU
		{1E29C62D-D7EA-4DE7-9C5A-68406A6F70C2}.Debug|x86.Build.0 = Debug|Any CPU
		{1E29C62D-D7EA-4DE7-9C5A-68406A6F70C2}.Release|Any CPU.ActiveCfg = Release|Any CPU
		{1E29C62D-D7EA-4DE7-9C5A-68406A6F70C2}.Release|Any CPU.Build.0 = Release|Any CPU
		{1E29C62D-D7EA-4DE7-9C5A-68406A6F70C2}.Release|x64.ActiveCfg = Release|Any CPU
		{1E29C62D-D7EA-4DE7-9C5A-68406A6F70C2}.Release|x64.Build.0 = Release|Any CPU
		{1E29C62D-D7EA-4DE7-9C5A-68406A6F70C2}.Release|x86.ActiveCfg = Release|Any CPU
		{1E29C62D-D7EA-4DE7-9C5A-68406A6F70C2}.Release|x86.Build.0 = Release|Any CPU
		{63298C9A-3BC0-46D1-9AC6-C980724013F3}.Debug|Any CPU.ActiveCfg = Debug|Any CPU
		{63298C9A-3BC0-46D1-9AC6-C980724013F3}.Debug|Any CPU.Build.0 = Debug|Any CPU
		{63298C9A-3BC0-46D1-9AC6-C980724013F3}.Debug|x64.ActiveCfg = Debug|Any CPU
		{63298C9A-3BC0-46D1-9AC6-C980724013F3}.Debug|x64.Build.0 = Debug|Any CPU
		{63298C9A-3BC0-46D1-9AC6-C980724013F3}.Debug|x86.ActiveCfg = Debug|Any CPU
		{63298C9A-3BC0-46D1-9AC6-C980724013F3}.Debug|x86.Build.0 = Debug|Any CPU
		{63298C9A-3BC0-46D1-9AC6-C980724013F3}.Release|Any CPU.ActiveCfg = Release|Any CPU
		{63298C9A-3BC0-46D1-9AC6-C980724013F3}.Release|Any CPU.Build.0 = Release|Any CPU
		{63298C9A-3BC0-46D1-9AC6-C980724013F3}.Release|x64.ActiveCfg = Release|Any CPU
		{63298C9A-3BC0-46D1-9AC6-C980724013F3}.Release|x64.Build.0 = Release|Any CPU
		{63298C9A-3BC0-46D1-9AC6-C980724013F3}.Release|x86.ActiveCfg = Release|Any CPU
		{63298C9A-3BC0-46D1-9AC6-C980724013F3}.Release|x86.Build.0 = Release|Any CPU
		{2C7D0126-7E5A-4CEB-9618-F669E9096E2E}.Debug|Any CPU.ActiveCfg = Debug|Any CPU
		{2C7D0126-7E5A-4CEB-9618-F669E9096E2E}.Debug|Any CPU.Build.0 = Debug|Any CPU
		{2C7D0126-7E5A-4CEB-9618-F669E9096E2E}.Debug|x64.ActiveCfg = Debug|Any CPU
		{2C7D0126-7E5A-4CEB-9618-F669E9096E2E}.Debug|x64.Build.0 = Debug|Any CPU
		{2C7D0126-7E5A-4CEB-9618-F669E9096E2E}.Debug|x86.ActiveCfg = Debug|Any CPU
		{2C7D0126-7E5A-4CEB-9618-F669E9096E2E}.Debug|x86.Build.0 = Debug|Any CPU
		{2C7D0126-7E5A-4CEB-9618-F669E9096E2E}.Release|Any CPU.ActiveCfg = Release|Any CPU
		{2C7D0126-7E5A-4CEB-9618-F669E9096E2E}.Release|Any CPU.Build.0 = Release|Any CPU
		{2C7D0126-7E5A-4CEB-9618-F669E9096E2E}.Release|x64.ActiveCfg = Release|Any CPU
		{2C7D0126-7E5A-4CEB-9618-F669E9096E2E}.Release|x64.Build.0 = Release|Any CPU
		{2C7D0126-7E5A-4CEB-9618-F669E9096E2E}.Release|x86.ActiveCfg = Release|Any CPU
		{2C7D0126-7E5A-4CEB-9618-F669E9096E2E}.Release|x86.Build.0 = Release|Any CPU
	EndGlobalSection
EndGlobal
